<?xml version="1.0" encoding="utf-8"?>
<Project ToolsVersion="4.0" xmlns="http://schemas.microsoft.com/developer/msbuild/2003">
  <ItemGroup>
    <Filter Include="소스 파일">
      <UniqueIdentifier>{4FC737F1-C7A5-4376-A066-2A32D752A2FF}</UniqueIdentifier>
      <Extensions>cpp;c;cc;cxx;c++;cppm;ixx;def;odl;idl;hpj;bat;asm;asmx</Extensions>
    </Filter>
    <Filter Include="헤더 파일">
      <UniqueIdentifier>{93995380-89BD-4b04-88EB-625FBE52EBFB}</UniqueIdentifier>
      <Extensions>h;hh;hpp;hxx;h++;hm;inl;inc;ipp;xsd</Extensions>
    </Filter>
    <Filter Include="리소스 파일">
      <UniqueIdentifier>{67DA6AB6-F800-4c08-8B7A-83BB121AAD01}</UniqueIdentifier>
      <Extensions>rc;ico;cur;bmp;dlg;rc2;rct;bin;rgs;gif;jpg;jpeg;jpe;resx;tiff;tif;png;wav;mfcribbon-ms</Extensions>
    </Filter>
    <Filter Include="00. MainApp">
      <UniqueIdentifier>{ef58806f-7984-41bc-b85c-427cd0249bf4}</UniqueIdentifier>
    </Filter>
    <Filter Include="02. GameObject">
      <UniqueIdentifier>{5b738fcb-870f-4f63-81cf-081305ae8940}</UniqueIdentifier>
    </Filter>
    <Filter Include="02. GameObject\99. Test">
      <UniqueIdentifier>{6e80a748-65ee-46b4-a6ba-7432f13ce48d}</UniqueIdentifier>
    </Filter>
    <Filter Include="02. GameObject\02. Camera">
      <UniqueIdentifier>{dcf43b10-a011-43ad-81a7-9bbd3f68a12f}</UniqueIdentifier>
    </Filter>
    <Filter Include="99. Define">
      <UniqueIdentifier>{cd904f9a-4514-4b3c-a813-0823cf1b28cd}</UniqueIdentifier>
    </Filter>
    <Filter Include="00. MainApp\01. Loader">
      <UniqueIdentifier>{85085be8-767b-428a-abce-41f5826491d3}</UniqueIdentifier>
    </Filter>
    <Filter Include="01. Level">
      <UniqueIdentifier>{ef00fae5-7d37-4266-b1fd-1e96325b477a}</UniqueIdentifier>
    </Filter>
    <Filter Include="01. Level\01. Loading">
      <UniqueIdentifier>{348c80b9-be12-4bd1-99f5-861df8a3fdc3}</UniqueIdentifier>
    </Filter>
    <Filter Include="02. GameObject\03. SkyBox">
      <UniqueIdentifier>{d70ba9c3-721c-4c7a-964d-8a0d55b51496}</UniqueIdentifier>
    </Filter>
    <Filter Include="02. GameObject\01. LoadingScreen">
      <UniqueIdentifier>{a1d76843-716d-4950-b31d-e31cb37afb01}</UniqueIdentifier>
    </Filter>
    <Filter Include="01. Level\02. Logo">
      <UniqueIdentifier>{b90030c6-b4f2-41d4-85a3-561a5c5b8a7d}</UniqueIdentifier>
    </Filter>
    <Filter Include="01. Level\03. GamePlay">
      <UniqueIdentifier>{492d7f50-a129-4a7f-9cf1-96eeff86244b}</UniqueIdentifier>
    </Filter>
    <Filter Include="03. CloudStation">
      <UniqueIdentifier>{1e916816-7232-4e51-be12-74ad1438eb40}</UniqueIdentifier>
    </Filter>
    <Filter Include="03. CloudStation\01. PlayerCloud">
      <UniqueIdentifier>{7e764d0b-f042-45ff-b505-ab212115f870}</UniqueIdentifier>
    </Filter>
    <Filter Include="02. GameObject\05. Object">
      <UniqueIdentifier>{27674aba-c994-4bc5-8b70-7b94931fe323}</UniqueIdentifier>
    </Filter>
    <Filter Include="02. GameObject\06. UI">
      <UniqueIdentifier>{160bfc08-823f-4d61-9dff-50347acda5e6}</UniqueIdentifier>
    </Filter>
    <Filter Include="02. GameObject\05. Object\01. Chest">
      <UniqueIdentifier>{6a5c5299-cf61-4def-abc2-aef1e8a0d390}</UniqueIdentifier>
    </Filter>
    <Filter Include="02. GameObject\04. Characters">
      <UniqueIdentifier>{c0f794d7-eefa-4a78-9665-80029cfb3054}</UniqueIdentifier>
    </Filter>
    <Filter Include="02. GameObject\04. Characters\02. ReaverBots">
      <UniqueIdentifier>{7ec63ef5-0191-49c6-b715-26601ea35491}</UniqueIdentifier>
    </Filter>
    <Filter Include="02. GameObject\04. Characters\01. Player">
      <UniqueIdentifier>{db0a91a1-8ff6-4844-b7c7-530727dc1e48}</UniqueIdentifier>
    </Filter>
    <Filter Include="02. GameObject\04. Characters\01. Player\01. Buster">
      <UniqueIdentifier>{e63e19c6-b414-42ca-acfc-65428675b30c}</UniqueIdentifier>
    </Filter>
    <Filter Include="02. GameObject\04. Characters\00. Effects">
      <UniqueIdentifier>{d1272671-581b-4978-8fbf-54708fcb35aa}</UniqueIdentifier>
    </Filter>
    <Filter Include="02. GameObject\05. Object\02. Deflector">
      <UniqueIdentifier>{8a59cf73-2514-4aee-b03c-4e048567049b}</UniqueIdentifier>
    </Filter>
    <Filter Include="01. Level\04. Parsed">
      <UniqueIdentifier>{41822438-55e1-4e20-ac43-8b0fe0c58d0b}</UniqueIdentifier>
    </Filter>
    <Filter Include="02. GameObject\00. Factory">
      <UniqueIdentifier>{3245b4e3-08b4-469e-ac5e-9528e69383ea}</UniqueIdentifier>
    </Filter>
    <Filter Include="02. GameObject\07. StaticObject">
      <UniqueIdentifier>{eebd1ba1-1074-40f0-a1b9-9c224a4827fb}</UniqueIdentifier>
    </Filter>
    <Filter Include="02. GameObject\08. Item">
      <UniqueIdentifier>{a7d4ad85-6fa6-40cb-b508-de826d443d68}</UniqueIdentifier>
    </Filter>
    <Filter Include="02. GameObject\04. Characters\02. ReaverBots\04. HanmuruDoll">
      <UniqueIdentifier>{7e3b67d0-10c8-406a-9a73-994a83ee0a04}</UniqueIdentifier>
    </Filter>
    <Filter Include="02. GameObject\04. Characters\02. ReaverBots\03. Fingerii">
      <UniqueIdentifier>{37c516b4-6550-4ca6-b4c5-9c3f98e1cf22}</UniqueIdentifier>
    </Filter>
  </ItemGroup>
  <ItemGroup>
    <ClInclude Include="Default\Client.h">
      <Filter>헤더 파일</Filter>
    </ClInclude>
    <ClInclude Include="Default\framework.h">
      <Filter>헤더 파일</Filter>
    </ClInclude>
    <ClInclude Include="Default\Resource.h">
      <Filter>헤더 파일</Filter>
    </ClInclude>
    <ClInclude Include="Default\targetver.h">
      <Filter>헤더 파일</Filter>
    </ClInclude>
    <ClInclude Include="Public\MainApp.h">
      <Filter>00. MainApp</Filter>
    </ClInclude>
    <ClInclude Include="Public\GameObject\DynamicCamera.h">
      <Filter>02. GameObject\02. Camera</Filter>
    </ClInclude>
    <ClInclude Include="Public\TestScene.h">
      <Filter>01. Level</Filter>
    </ClInclude>
    <ClInclude Include="Public\GameObject\TestTextureObject.h">
      <Filter>02. GameObject\99. Test</Filter>
    </ClInclude>
    <ClInclude Include="Public\Client_Define.h">
      <Filter>99. Define</Filter>
    </ClInclude>
    <ClInclude Include="Public\Loader.h">
      <Filter>00. MainApp\01. Loader</Filter>
    </ClInclude>
    <ClInclude Include="Public\Level\Level_Loading.h">
      <Filter>01. Level\01. Loading</Filter>
    </ClInclude>
    <ClInclude Include="Public\GameObject\SkyBox.h">
      <Filter>02. GameObject\03. SkyBox</Filter>
    </ClInclude>
    <ClInclude Include="Public\GameObject\LoadingScreen.h">
      <Filter>02. GameObject\01. LoadingScreen</Filter>
    </ClInclude>
    <ClInclude Include="Public\Level\Level_Logo.h">
      <Filter>01. Level\02. Logo</Filter>
    </ClInclude>
    <ClInclude Include="Public\Level\Level_GamePlay.h">
      <Filter>01. Level\03. GamePlay</Filter>
    </ClInclude>
    <ClInclude Include="Public\CloudStation\CloudStation_Player.h">
      <Filter>03. CloudStation\01. PlayerCloud</Filter>
    </ClInclude>
    <ClInclude Include="Public\GameObject\UI_Player.h">
      <Filter>02. GameObject\06. UI</Filter>
    </ClInclude>
    <ClInclude Include="Public\GameObject\ItemChest.h">
      <Filter>02. GameObject\05. Object\01. Chest</Filter>
    </ClInclude>
    <ClInclude Include="Public\GameObject\Player.h">
      <Filter>02. GameObject\04. Characters\01. Player</Filter>
    </ClInclude>
    <ClInclude Include="Public\GameObject\ReaverBot_Horokko.h">
      <Filter>02. GameObject\04. Characters\02. ReaverBots</Filter>
    </ClInclude>
    <ClInclude Include="Public\GameObject\Weapon_Buster.h">
      <Filter>02. GameObject\04. Characters\01. Player\01. Buster</Filter>
    </ClInclude>
    <ClInclude Include="Public\GameObject\ReaverBot_Balfura.h">
      <Filter>02. GameObject\04. Characters\02. ReaverBots</Filter>
    </ClInclude>
    <ClInclude Include="Public\GameObject\Character_Common.h">
      <Filter>02. GameObject\04. Characters</Filter>
    </ClInclude>
    <ClInclude Include="Public\GameObject\Character.h">
      <Filter>02. GameObject\04. Characters</Filter>
    </ClInclude>
    <ClInclude Include="Public\GameObject\UI_Lockon.h">
      <Filter>02. GameObject\06. UI</Filter>
    </ClInclude>
    <ClInclude Include="Public\GameObject\StaticObject.h">
      <Filter>02. GameObject\07. StaticObject</Filter>
    </ClInclude>
    <ClInclude Include="Public\Level\Level_Parsed.h">
      <Filter>01. Level\04. Parsed</Filter>
    </ClInclude>
    <ClInclude Include="Public\GameObject\Effect_Common.h">
      <Filter>02. GameObject\04. Characters\00. Effects</Filter>
    </ClInclude>
    <ClInclude Include="Public\GameObject\Item_Deflector.h">
      <Filter>02. GameObject\08. Item</Filter>
    </ClInclude>
    <ClInclude Include="Public\GameObject\GameObjectFactory.h">
      <Filter>02. GameObject\00. Factory</Filter>
    </ClInclude>
    <ClInclude Include="Public\GameObject\ComponentFactory.h">
      <Filter>헤더 파일</Filter>
    </ClInclude>
    <ClInclude Include="Public\GameObject\ReaverBot_Fingerii.h">
      <Filter>02. GameObject\04. Characters\02. ReaverBots\03. Fingerii</Filter>
    </ClInclude>
    <ClInclude Include="Public\GameObject\ReaverBot_HanmuruDoll.h">
      <Filter>02. GameObject\04. Characters\02. ReaverBots\04. HanmuruDoll</Filter>
    </ClInclude>
    <ClInclude Include="Public\GameObject\DamageCollision.h">
      <Filter>02. GameObject\04. Characters\02. ReaverBots\04. HanmuruDoll</Filter>
    </ClInclude>
    <ClInclude Include="Public\GameObject\Fingerii_EnergyBall.h">
      <Filter>헤더 파일</Filter>
    </ClInclude>
  </ItemGroup>
  <ItemGroup>
    <ClCompile Include="Default\Client.cpp">
      <Filter>소스 파일</Filter>
    </ClCompile>
    <ClCompile Include="Private\MainApp.cpp">
      <Filter>00. MainApp</Filter>
    </ClCompile>
    <ClCompile Include="Private\GameObject\DynamicCamera.cpp">
      <Filter>02. GameObject\02. Camera</Filter>
    </ClCompile>
    <ClCompile Include="Private\GameObject\TestTextureObject.cpp">
      <Filter>02. GameObject\99. Test</Filter>
    </ClCompile>
    <ClCompile Include="Private\TestScene.cpp">
      <Filter>01. Level</Filter>
    </ClCompile>
    <ClCompile Include="Private\Loader.cpp">
      <Filter>00. MainApp\01. Loader</Filter>
    </ClCompile>
    <ClCompile Include="Private\Level\Level_Loading.cpp">
      <Filter>01. Level\01. Loading</Filter>
    </ClCompile>
    <ClCompile Include="Private\GameObject\SkyBox.cpp">
      <Filter>02. GameObject\03. SkyBox</Filter>
    </ClCompile>
    <ClCompile Include="Private\GameObject\LoadingScreen.cpp">
      <Filter>02. GameObject\01. LoadingScreen</Filter>
    </ClCompile>
    <ClCompile Include="Private\Level\Level_Logo.cpp">
      <Filter>01. Level\02. Logo</Filter>
    </ClCompile>
    <ClCompile Include="Private\Level\Level_GamePlay.cpp">
      <Filter>01. Level\03. GamePlay</Filter>
    </ClCompile>
    <ClCompile Include="Private\CloudStation\CloudStation_Player.cpp">
      <Filter>03. CloudStation\01. PlayerCloud</Filter>
    </ClCompile>
    <ClCompile Include="Private\GameObject\UI_Player.cpp">
      <Filter>02. GameObject\06. UI</Filter>
    </ClCompile>
    <ClCompile Include="Private\GameObject\ItemChest.cpp">
      <Filter>02. GameObject\05. Object\01. Chest</Filter>
    </ClCompile>
    <ClCompile Include="Private\GameObject\Player.cpp">
      <Filter>02. GameObject\04. Characters\01. Player</Filter>
    </ClCompile>
    <ClCompile Include="Private\GameObject\ReaverBot_Horokko.cpp">
      <Filter>02. GameObject\04. Characters\02. ReaverBots</Filter>
    </ClCompile>
    <ClCompile Include="Private\GameObject\Weapon_Buster.cpp">
      <Filter>02. GameObject\04. Characters\01. Player\01. Buster</Filter>
    </ClCompile>
    <ClCompile Include="Private\GameObject\ReaverBot_Balfura.cpp">
      <Filter>02. GameObject\04. Characters\02. ReaverBots</Filter>
    </ClCompile>
    <ClCompile Include="Private\GameObject\Character_Common.cpp">
      <Filter>02. GameObject\04. Characters</Filter>
    </ClCompile>
    <ClCompile Include="Private\GameObject\Character.cpp">
      <Filter>02. GameObject\04. Characters</Filter>
    </ClCompile>
    <ClCompile Include="Private\GameObject\UI_Lockon.cpp">
      <Filter>02. GameObject\06. UI</Filter>
    </ClCompile>
    <ClCompile Include="Private\Level\Level_Parsed.cpp">
      <Filter>01. Level\04. Parsed</Filter>
    </ClCompile>
    <ClCompile Include="Private\GameObject\StaticObject.cpp">
      <Filter>02. GameObject\07. StaticObject</Filter>
    </ClCompile>
    <ClCompile Include="Private\GameObject\Effect_Common.cpp">
      <Filter>02. GameObject\04. Characters\00. Effects</Filter>
    </ClCompile>
    <ClCompile Include="Private\GameObject\Item_Deflector.cpp">
      <Filter>02. GameObject\08. Item</Filter>
    </ClCompile>
    <ClCompile Include="Private\GameObject\GameObjectFactory.cpp">
      <Filter>02. GameObject\00. Factory</Filter>
    </ClCompile>
    <ClCompile Include="Private\GameObject\ComponentFactory.cpp">
      <Filter>소스 파일</Filter>
    </ClCompile>
    <ClCompile Include="Private\GameObject\ReaverBot_Fingerii.cpp">
      <Filter>02. GameObject\04. Characters\02. ReaverBots\03. Fingerii</Filter>
    </ClCompile>
    <ClCompile Include="Private\GameObject\ReaverBot_HanmuruDoll.cpp">
      <Filter>02. GameObject\04. Characters\02. ReaverBots\04. HanmuruDoll</Filter>
    </ClCompile>
    <ClCompile Include="Private\GameObject\DamageCollision.cpp">
      <Filter>02. GameObject\04. Characters\02. ReaverBots\04. HanmuruDoll</Filter>
    </ClCompile>
    <ClCompile Include="Private\GameObject\Fingerii_EnergyBall.cpp">
      <Filter>소스 파일</Filter>
    </ClCompile>
  </ItemGroup>
  <ItemGroup>
    <Image Include="Default\Client.ico">
      <Filter>리소스 파일</Filter>
    </Image>
    <Image Include="Default\small.ico">
      <Filter>리소스 파일</Filter>
    </Image>
  </ItemGroup>
  <ItemGroup>
    <ResourceCompile Include="Default\Client.rc">
      <Filter>리소스 파일</Filter>
    </ResourceCompile>
  </ItemGroup>
</Project>