<?xml version="1.0" encoding="utf-8"?>
<Project ToolsVersion="4.0" xmlns="http://schemas.microsoft.com/developer/msbuild/2003">
  <ItemGroup>
    <Filter Include="소스 파일">
      <UniqueIdentifier>{4FC737F1-C7A5-4376-A066-2A32D752A2FF}</UniqueIdentifier>
      <Extensions>cpp;c;cc;cxx;c++;cppm;ixx;def;odl;idl;hpj;bat;asm;asmx</Extensions>
    </Filter>
    <Filter Include="헤더 파일">
      <UniqueIdentifier>{93995380-89BD-4b04-88EB-625FBE52EBFB}</UniqueIdentifier>
      <Extensions>h;hh;hpp;hxx;h++;hm;inl;inc;ipp;xsd</Extensions>
    </Filter>
    <Filter Include="리소스 파일">
      <UniqueIdentifier>{67DA6AB6-F800-4c08-8B7A-83BB121AAD01}</UniqueIdentifier>
      <Extensions>rc;ico;cur;bmp;dlg;rc2;rct;bin;rgs;gif;jpg;jpeg;jpe;resx;tiff;tif;png;wav;mfcribbon-ms</Extensions>
    </Filter>
    <Filter Include="00. MainApp">
      <UniqueIdentifier>{ef58806f-7984-41bc-b85c-427cd0249bf4}</UniqueIdentifier>
    </Filter>
    <Filter Include="01. Scene">
      <UniqueIdentifier>{ef00fae5-7d37-4266-b1fd-1e96325b477a}</UniqueIdentifier>
    </Filter>
    <Filter Include="02. GameObject">
      <UniqueIdentifier>{5b738fcb-870f-4f63-81cf-081305ae8940}</UniqueIdentifier>
    </Filter>
    <Filter Include="02. GameObject\99. Test">
      <UniqueIdentifier>{6e80a748-65ee-46b4-a6ba-7432f13ce48d}</UniqueIdentifier>
    </Filter>
    <Filter Include="02. GameObject\02. Camera">
      <UniqueIdentifier>{dcf43b10-a011-43ad-81a7-9bbd3f68a12f}</UniqueIdentifier>
    </Filter>
  </ItemGroup>
  <ItemGroup>
    <ClInclude Include="Public\Client_Define.h">
      <Filter>헤더 파일</Filter>
    </ClInclude>
    <ClInclude Include="Default\Client.h">
      <Filter>헤더 파일</Filter>
    </ClInclude>
    <ClInclude Include="Default\framework.h">
      <Filter>헤더 파일</Filter>
    </ClInclude>
    <ClInclude Include="Default\Resource.h">
      <Filter>헤더 파일</Filter>
    </ClInclude>
    <ClInclude Include="Default\targetver.h">
      <Filter>헤더 파일</Filter>
    </ClInclude>
    <ClInclude Include="Public\MainApp.h">
      <Filter>00. MainApp</Filter>
    </ClInclude>
    <ClInclude Include="Public\GameObject\TestObject.h">
      <Filter>02. GameObject\99. Test</Filter>
    </ClInclude>
    <ClInclude Include="Public\TestScene.h">
      <Filter>헤더 파일</Filter>
    </ClInclude>
    <ClInclude Include="Public\GameObject\DynamicCamera.h">
      <Filter>헤더 파일</Filter>
    </ClInclude>
    <ClInclude Include="Public\GameObject\TestTextureObject.h">
      <Filter>헤더 파일</Filter>
    </ClInclude>
  </ItemGroup>
  <ItemGroup>
    <ClCompile Include="Default\Client.cpp">
      <Filter>소스 파일</Filter>
    </ClCompile>
    <ClCompile Include="Private\MainApp.cpp">
      <Filter>00. MainApp</Filter>
    </ClCompile>
    <ClCompile Include="Private\GameObject\TestObject.cpp">
      <Filter>02. GameObject\99. Test</Filter>
    </ClCompile>
    <ClCompile Include="Private\TestScene.cpp">
      <Filter>소스 파일</Filter>
    </ClCompile>
    <ClCompile Include="Private\GameObject\DynamicCamera.cpp">
      <Filter>소스 파일</Filter>
    </ClCompile>
    <ClCompile Include="Private\GameObject\TestTextureObject.cpp">
      <Filter>소스 파일</Filter>
    </ClCompile>
  </ItemGroup>
  <ItemGroup>
    <Image Include="Default\Client.ico">
      <Filter>리소스 파일</Filter>
    </Image>
    <Image Include="Default\small.ico">
      <Filter>리소스 파일</Filter>
    </Image>
  </ItemGroup>
  <ItemGroup>
    <ResourceCompile Include="Default\Client.rc">
      <Filter>리소스 파일</Filter>
    </ResourceCompile>
  </ItemGroup>
</Project>