<?xml version="1.0" encoding="utf-8"?>
<Project ToolsVersion="4.0" xmlns="http://schemas.microsoft.com/developer/msbuild/2003">
  <ItemGroup>
    <Filter Include="01. System">
      <UniqueIdentifier>{d8b39b9d-45f9-42f2-ab8f-33663517fc0f}</UniqueIdentifier>
    </Filter>
    <Filter Include="01. System\00. Base">
      <UniqueIdentifier>{269dd157-0606-4296-888f-c6c192ed3a90}</UniqueIdentifier>
    </Filter>
    <Filter Include="02. Utility">
      <UniqueIdentifier>{1d75081d-d2e1-4e13-824b-c1c2a1b8fba5}</UniqueIdentifier>
    </Filter>
    <Filter Include="02. Utility\02. Component">
      <UniqueIdentifier>{5c922ddd-0fa1-4c7f-9ed3-ba9917254dcf}</UniqueIdentifier>
    </Filter>
    <Filter Include="02. Utility\01. BaseClass">
      <UniqueIdentifier>{233ad876-561a-4adf-a2f1-eb728e8a02d7}</UniqueIdentifier>
    </Filter>
    <Filter Include="99. Defines">
      <UniqueIdentifier>{2932c9ad-35f0-4295-ae48-143c37059174}</UniqueIdentifier>
    </Filter>
    <Filter Include="98. Exports">
      <UniqueIdentifier>{5eef4694-6362-43f9-be11-daf839170cc8}</UniqueIdentifier>
    </Filter>
    <Filter Include="02. Utility\02. Component\01. SceneComponent">
      <UniqueIdentifier>{4082b558-e4bf-413b-a09d-3bd2440a1a14}</UniqueIdentifier>
    </Filter>
    <Filter Include="02. Utility\02. Component\01. SceneComponent\01. TransformComponent">
      <UniqueIdentifier>{7c5f0944-9886-478a-a31f-50cb5a9ae843}</UniqueIdentifier>
    </Filter>
    <Filter Include="02. Utility\01. BaseClass\01. GameObject">
      <UniqueIdentifier>{2d0abd39-7ef5-4611-9f3f-a98f3559676f}</UniqueIdentifier>
    </Filter>
    <Filter Include="02. Utility\04. Serialize">
      <UniqueIdentifier>{6a6e644a-f793-496a-b975-1572c3d5e854}</UniqueIdentifier>
    </Filter>
    <Filter Include="02. Utility\05. Interface">
      <UniqueIdentifier>{9ef585e4-7021-45f4-88b8-80cf51e778b9}</UniqueIdentifier>
    </Filter>
    <Filter Include="03. Shader">
      <UniqueIdentifier>{f0851f53-d322-43e4-9bb7-bbabbfd419b2}</UniqueIdentifier>
    </Filter>
    <Filter Include="02. Utility\06. LogicDevice">
      <UniqueIdentifier>{0962f9e2-0e08-4ce2-bf79-d838df3167a6}</UniqueIdentifier>
    </Filter>
    <Filter Include="02. Utility\02. Component\01. SceneComponent\02. ColliderComponent">
      <UniqueIdentifier>{03c4b040-9878-4e4f-b467-187da4eb5f46}</UniqueIdentifier>
    </Filter>
    <Filter Include="02. Utility\02. Component\02. GameObjectComp">
      <UniqueIdentifier>{b4ebd1e4-fe17-4447-aec4-1a876f45c0ec}</UniqueIdentifier>
    </Filter>
    <Filter Include="01. System\01. Manager">
      <UniqueIdentifier>{fa594517-3c84-4988-9229-35314eab8809}</UniqueIdentifier>
    </Filter>
    <Filter Include="02. Utility\02. Component\02. GameObjectComp\01. ShaderComponent">
      <UniqueIdentifier>{530a3b69-f0fc-49cf-8049-d7cfe931e9e1}</UniqueIdentifier>
    </Filter>
    <Filter Include="02. Utility\02. Component\02. GameObjectComp\01. ShaderComponent\01. ColorShaderComp">
      <UniqueIdentifier>{98ac80ab-e878-4a3d-a709-0f8ddf19540e}</UniqueIdentifier>
    </Filter>
    <Filter Include="02. Utility\02. Component\02. GameObjectComp\01. ShaderComponent\02. ModelShaderComp">
      <UniqueIdentifier>{45f8fbc5-e422-45fd-8e94-29ceb43c9020}</UniqueIdentifier>
    </Filter>
    <Filter Include="02. Utility\02. Component\01. SceneComponent\04. TextureComponent">
      <UniqueIdentifier>{e944931a-4f57-4403-9301-a8b715b47b9f}</UniqueIdentifier>
    </Filter>
    <Filter Include="03. Shader\99. Test">
      <UniqueIdentifier>{6616dfa3-5f18-4ba8-8c68-5c84ac7edcc3}</UniqueIdentifier>
    </Filter>
    <Filter Include="03. Shader\99. Test\ModelTest">
      <UniqueIdentifier>{4032150e-332a-4c97-a68c-f38046acb7b6}</UniqueIdentifier>
    </Filter>
    <Filter Include="03. Shader\99. Test\Test1">
      <UniqueIdentifier>{98cd46d6-9b59-4cb4-a7ef-a234c27a796c}</UniqueIdentifier>
    </Filter>
    <Filter Include="03. Shader\99. Test\Texture">
      <UniqueIdentifier>{357fe1e0-dab1-4ad0-8d47-88afeee70c0b}</UniqueIdentifier>
    </Filter>
    <Filter Include="03. Shader\02. DeferredShading">
      <UniqueIdentifier>{4a9b8166-0cec-45e0-95b7-53b3de1f8f17}</UniqueIdentifier>
    </Filter>
    <Filter Include="03. Shader\01. ForwardShading">
      <UniqueIdentifier>{2ee62cbf-431b-4a0f-9046-99cdf7f4cb9c}</UniqueIdentifier>
    </Filter>
    <Filter Include="03. Shader\02. DeferredShading\01. GBuffer">
      <UniqueIdentifier>{f6a8962c-b852-4855-a50c-a5b154bccb40}</UniqueIdentifier>
    </Filter>
    <Filter Include="02. Utility\02. Component\03. InternalComponent">
      <UniqueIdentifier>{ee136c04-e3cc-498e-9e90-33b2c1c57f19}</UniqueIdentifier>
    </Filter>
    <Filter Include="01. System\01. Manager\00. Main">
      <UniqueIdentifier>{4810984a-d225-4fa5-9d02-1bd631050983}</UniqueIdentifier>
    </Filter>
    <Filter Include="01. System\01. Manager\00. Main\01. GraphicDev">
      <UniqueIdentifier>{970d303a-a746-446e-a455-440e859508c0}</UniqueIdentifier>
    </Filter>
    <Filter Include="01. System\01. Manager\00. Main\04. Physics">
      <UniqueIdentifier>{efd867c1-4be8-465d-bbbd-3e6f5f8a72dd}</UniqueIdentifier>
    </Filter>
    <Filter Include="01. System\01. Manager\00. Main\04. Physics\Collision">
      <UniqueIdentifier>{e249bab2-198e-4fa6-83c5-3180bbf2b96a}</UniqueIdentifier>
    </Filter>
    <Filter Include="01. System\01. Manager\00. Main\04. Physics\Core">
      <UniqueIdentifier>{c4166190-ffd6-4bbc-960c-92017c74407d}</UniqueIdentifier>
    </Filter>
    <Filter Include="01. System\01. Manager\00. Main\04. Physics\Force">
      <UniqueIdentifier>{fdbbb261-4bdf-47bc-920b-db7de084469d}</UniqueIdentifier>
    </Filter>
    <Filter Include="01. System\01. Manager\01. Resource">
      <UniqueIdentifier>{52ed036e-460c-4729-8abb-da03117f62b6}</UniqueIdentifier>
    </Filter>
    <Filter Include="01. System\01. Manager\02. GamePipeline">
      <UniqueIdentifier>{ff976e51-9d77-41d5-a70a-75616e27673e}</UniqueIdentifier>
    </Filter>
    <Filter Include="01. System\01. Manager\00. Main\02. InputDev">
      <UniqueIdentifier>{43df9f42-bb47-4bdb-8aa4-73a0fb6a9074}</UniqueIdentifier>
    </Filter>
    <Filter Include="01. System\01. Manager\00. Main\03. Key">
      <UniqueIdentifier>{86f86bac-7d56-4b94-88cb-8d5b7c0c1e91}</UniqueIdentifier>
    </Filter>
    <Filter Include="01. System\01. Manager\00. Main\05. TimeMgr">
      <UniqueIdentifier>{b4b3165d-f6c7-4e73-bb8d-665f50b7a6d4}</UniqueIdentifier>
    </Filter>
    <Filter Include="01. System\01. Manager\00. Main\06. FrameMgr">
      <UniqueIdentifier>{8b7f991d-6299-4c0c-8bde-f87207e7981d}</UniqueIdentifier>
    </Filter>
    <Filter Include="01. System\01. Manager\00. Main\07. JobQueue">
      <UniqueIdentifier>{a1651063-ff1d-4e3d-b6e4-dc8cc8790475}</UniqueIdentifier>
    </Filter>
    <Filter Include="01. System\01. Manager\01. Resource\01. Sound">
      <UniqueIdentifier>{f0482150-a6f7-4152-b6b6-45f8031ddf2a}</UniqueIdentifier>
    </Filter>
    <Filter Include="01. System\01. Manager\01. Resource\02. Texture">
      <UniqueIdentifier>{394b307a-0f35-4b0c-9bfd-ad790676f474}</UniqueIdentifier>
    </Filter>
    <Filter Include="01. System\01. Manager\01. Resource\03. Font">
      <UniqueIdentifier>{b6f827f8-a8f7-43d9-9251-4c42272132f0}</UniqueIdentifier>
    </Filter>
    <Filter Include="01. System\01. Manager\01. Resource\04. ModelMgr">
      <UniqueIdentifier>{4da3c881-3f47-43e1-a4f1-8bd61601fbf1}</UniqueIdentifier>
    </Filter>
    <Filter Include="01. System\01. Manager\01. Resource\04. ModelMgr\Data">
      <UniqueIdentifier>{b95d51cb-99c3-40e5-9182-22ebae9c741e}</UniqueIdentifier>
    </Filter>
    <Filter Include="01. System\01. Manager\01. Resource\04. ModelMgr\Define">
      <UniqueIdentifier>{15ae23f2-4234-4243-9660-aceffe84a068}</UniqueIdentifier>
    </Filter>
    <Filter Include="01. System\01. Manager\01. Resource\06. ShaderMgr">
      <UniqueIdentifier>{b07dd1c6-4e7a-4b28-8233-159e007fc41a}</UniqueIdentifier>
    </Filter>
    <Filter Include="01. System\01. Manager\01. Resource\05. AnimationMgr">
      <UniqueIdentifier>{44e32fab-7877-41ac-bf4a-1e9efb522ea0}</UniqueIdentifier>
    </Filter>
    <Filter Include="01. System\01. Manager\01. Resource\07. ParticleMgr">
      <UniqueIdentifier>{ad0f9a93-ff98-4c18-a854-be503d85f43e}</UniqueIdentifier>
    </Filter>
    <Filter Include="01. System\01. Manager\02. GamePipeline\01. LevelMgr">
      <UniqueIdentifier>{d6dade1f-50bc-4fbc-8b29-318374de967b}</UniqueIdentifier>
    </Filter>
    <Filter Include="01. System\01. Manager\02. GamePipeline\02. ObjectMgr">
      <UniqueIdentifier>{7cbcff4a-8bed-4d2f-b78e-f1a7368cb647}</UniqueIdentifier>
    </Filter>
    <Filter Include="01. System\01. Manager\02. GamePipeline\03. ComponentMgr">
      <UniqueIdentifier>{90adab0e-20ec-4094-9b8c-9a914cd459ec}</UniqueIdentifier>
    </Filter>
    <Filter Include="01. System\01. Manager\02. GamePipeline\04. RenderMgr">
      <UniqueIdentifier>{c5c4caf4-c2c6-4ceb-8c5c-ec31d184f521}</UniqueIdentifier>
    </Filter>
    <Filter Include="01. System\01. Manager\02. GamePipeline\06. ImGuiMgr">
      <UniqueIdentifier>{c873a54f-a8d7-4a42-ae22-e612778fd043}</UniqueIdentifier>
    </Filter>
    <Filter Include="02. Utility\02. Component\03. InternalComponent\00. D3D11DeviceComp">
      <UniqueIdentifier>{a4c62ecd-6c17-4a2a-9da2-0018e88b9f87}</UniqueIdentifier>
    </Filter>
    <Filter Include="02. Utility\02. Component\03. InternalComponent\00. D3D11DeviceComp\Interface">
      <UniqueIdentifier>{455da618-5449-48a4-8232-0e619da9d163}</UniqueIdentifier>
    </Filter>
    <Filter Include="02. Utility\01. BaseClass\01. GameObject\01. Camera">
      <UniqueIdentifier>{cbace4bd-8956-4d90-bb10-05422bcb9a5b}</UniqueIdentifier>
    </Filter>
    <Filter Include="02. Utility\01. BaseClass\01. GameObject\02. CCollisionObject">
      <UniqueIdentifier>{17043d84-2fed-4832-b786-da69c1df5945}</UniqueIdentifier>
    </Filter>
    <Filter Include="02. Utility\01. BaseClass\02. Level">
      <UniqueIdentifier>{333f689f-6fb5-4a40-b44c-9fd2402670c8}</UniqueIdentifier>
    </Filter>
    <Filter Include="02. Utility\01. BaseClass\03. Layer">
      <UniqueIdentifier>{33d3a709-0023-47bf-a81f-479214a249f8}</UniqueIdentifier>
    </Filter>
    <Filter Include="02. Utility\01. BaseClass\01. GameObject\03. Terrain">
      <UniqueIdentifier>{f530efd7-cb29-4b6c-a121-50b830f0d4b8}</UniqueIdentifier>
    </Filter>
    <Filter Include="02. Utility\02. Component\03. InternalComponent\01. BufferComponent">
      <UniqueIdentifier>{0c9a5d10-387a-49fa-a3c8-9a98ab62016e}</UniqueIdentifier>
    </Filter>
    <Filter Include="02. Utility\02. Component\03. InternalComponent\01. BufferComponent\01. Tri">
      <UniqueIdentifier>{d64ffa75-e403-4388-ac72-b6fff7601d92}</UniqueIdentifier>
    </Filter>
    <Filter Include="02. Utility\02. Component\03. InternalComponent\01. BufferComponent\02. Rect">
      <UniqueIdentifier>{916a8f6e-f3cb-4531-921e-d2f12799ac4d}</UniqueIdentifier>
    </Filter>
    <Filter Include="02. Utility\02. Component\03. InternalComponent\01. BufferComponent\03. Model">
      <UniqueIdentifier>{283a955c-0e99-4937-a06b-3036fbda9927}</UniqueIdentifier>
    </Filter>
    <Filter Include="02. Utility\02. Component\03. InternalComponent\01. BufferComponent\04. Box">
      <UniqueIdentifier>{b9e6f23c-a1ee-4bb0-a401-369969820f9f}</UniqueIdentifier>
    </Filter>
    <Filter Include="02. Utility\02. Component\03. InternalComponent\02. SkeletalComponent">
      <UniqueIdentifier>{608dc5ca-a884-4355-bcd2-58b424c5a593}</UniqueIdentifier>
    </Filter>
    <Filter Include="02. Utility\02. Component\03. InternalComponent\03. AnimationComponent">
      <UniqueIdentifier>{94f372a1-20f6-48a9-a017-8889a055621a}</UniqueIdentifier>
    </Filter>
    <Filter Include="02. Utility\02. Component\03. InternalComponent\04. MaterialComponent">
      <UniqueIdentifier>{3c25317c-31dd-452e-afb7-e27af4b0f8ed}</UniqueIdentifier>
    </Filter>
    <Filter Include="02. Utility\02. Component\01. SceneComponent\03. ModelComponent">
      <UniqueIdentifier>{11d92368-7cfe-45d9-85c6-820472f73953}</UniqueIdentifier>
    </Filter>
    <Filter Include="02. Utility\02. Component\03. InternalComponent\05. TeamAgentComponent">
      <UniqueIdentifier>{2b9f803c-d97d-4911-a207-d179e412dad0}</UniqueIdentifier>
    </Filter>
    <Filter Include="02. Utility\02. Component\03. InternalComponent\05. TeamAgentComponent\Interface">
      <UniqueIdentifier>{56313027-606a-44dc-bada-a6bf2390274a}</UniqueIdentifier>
    </Filter>
    <Filter Include="02. Utility\02. Component\03. InternalComponent\01. BufferComponent\Interface">
      <UniqueIdentifier>{b6772efe-bea4-4abb-b409-94b3ca85501a}</UniqueIdentifier>
    </Filter>
    <Filter Include="02. Utility\02. Component\01. SceneComponent\03. ModelComponent\01. SkinnedModelComp">
      <UniqueIdentifier>{1960f58b-253f-46e6-bf31-88bd9df13a84}</UniqueIdentifier>
    </Filter>
    <Filter Include="02. Utility\02. Component\03. InternalComponent\02. SkeletalComponent\Interface">
      <UniqueIdentifier>{ba897420-14df-4b5e-9fcb-d9a2d7cc00dc}</UniqueIdentifier>
    </Filter>
    <Filter Include="02. Utility\02. Component\03. InternalComponent\03. AnimationComponent\Interface">
      <UniqueIdentifier>{3b8c65af-af2d-47ad-b09a-0a7a3831e1a6}</UniqueIdentifier>
    </Filter>
    <Filter Include="01. System\01. Manager\02. GamePipeline\07. CamViewMgr">
      <UniqueIdentifier>{0024b94d-0c81-453d-a43f-07fade65c2e7}</UniqueIdentifier>
    </Filter>
    <Filter Include="01. System\01. Manager\02. GamePipeline\05. CloudStationMgr">
      <UniqueIdentifier>{5538bfdf-d833-40e1-88ba-f9c4510f0d7e}</UniqueIdentifier>
    </Filter>
    <Filter Include="02. Utility\02. Component\02. GameObjectComp\02. CloudStationComp">
      <UniqueIdentifier>{a7ec7022-c985-47dd-a270-5c326741e543}</UniqueIdentifier>
    </Filter>
    <Filter Include="02. Utility\02. Component\03. InternalComponent\01. BufferComponent\05. MultiMesh">
      <UniqueIdentifier>{31d50f1e-2a33-44fc-94a3-cc02b873388c}</UniqueIdentifier>
    </Filter>
    <Filter Include="02. Utility\02. Component\02. GameObjectComp\01. ShaderComponent\03. SkinnedModelShaderComp">
      <UniqueIdentifier>{05a27c81-7598-494c-a0b0-f8a83a332f1b}</UniqueIdentifier>
    </Filter>
    <Filter Include="02. Utility\02. Component\03. InternalComponent\06. EffectComponent">
      <UniqueIdentifier>{0a3c6a8e-8769-417e-8609-357b17ab8f7c}</UniqueIdentifier>
    </Filter>
    <Filter Include="03. Shader\99. Test\EffectTest">
      <UniqueIdentifier>{ccb7b8fe-4b1c-4906-bd9c-bf01fb12618b}</UniqueIdentifier>
    </Filter>
    <Filter Include="02. Utility\02. Component\03. InternalComponent\07. CamViewComponent">
      <UniqueIdentifier>{5da46c9f-d97e-4069-b876-8bb38a757515}</UniqueIdentifier>
    </Filter>
  </ItemGroup>
  <ItemGroup>
    <ClInclude Include="Public\Base.h">
      <Filter>01. System\00. Base</Filter>
    </ClInclude>
    <ClInclude Include="Public\Engine_Typedef.h">
      <Filter>99. Defines</Filter>
    </ClInclude>
    <ClInclude Include="Public\Engine_Define.h">
      <Filter>99. Defines</Filter>
    </ClInclude>
    <ClInclude Include="Public\Engine_Enum.h">
      <Filter>99. Defines</Filter>
    </ClInclude>
    <ClInclude Include="Public\Engine_Function.h">
      <Filter>99. Defines</Filter>
    </ClInclude>
    <ClInclude Include="Public\Engine_Macro.h">
      <Filter>99. Defines</Filter>
    </ClInclude>
    <ClInclude Include="Public\Engine_Struct.h">
      <Filter>99. Defines</Filter>
    </ClInclude>
    <ClInclude Include="Public\Component\PrimitiveComponent.h">
      <Filter>02. Utility\02. Component</Filter>
    </ClInclude>
    <ClInclude Include="Public\Engine_Const.h">
      <Filter>99. Defines</Filter>
    </ClInclude>
    <ClInclude Include="Public\Component\SceneComponent.h">
      <Filter>02. Utility\02. Component\01. SceneComponent</Filter>
    </ClInclude>
    <ClInclude Include="Public\Component\TransformComponent.h">
      <Filter>02. Utility\02. Component\01. SceneComponent\01. TransformComponent</Filter>
    </ClInclude>
    <ClInclude Include="Public\BaseClass\GameObject.h">
      <Filter>02. Utility\01. BaseClass\01. GameObject</Filter>
    </ClInclude>
    <ClInclude Include="Public\BaseClass\GameObject_Define.h">
      <Filter>02. Utility\01. BaseClass\01. GameObject</Filter>
    </ClInclude>
    <ClInclude Include="Public\System\PhysicsMgr.h">
      <Filter>01. System\01. Manager\00. Main\04. Physics</Filter>
    </ClInclude>
    <ClInclude Include="Public\Physics\CollisionPrimitive.h">
      <Filter>01. System\01. Manager\00. Main\04. Physics\Collision</Filter>
    </ClInclude>
    <ClInclude Include="Public\Physics\Collide.h">
      <Filter>01. System\01. Manager\00. Main\04. Physics\Collision</Filter>
    </ClInclude>
    <ClInclude Include="Public\Physics\ContactGen_Joint.h">
      <Filter>01. System\01. Manager\00. Main\04. Physics\Collision</Filter>
    </ClInclude>
    <ClInclude Include="Public\Physics\Contact.h">
      <Filter>01. System\01. Manager\00. Main\04. Physics\Collision</Filter>
    </ClInclude>
    <ClInclude Include="Public\Physics\ForceGenerator.h">
      <Filter>01. System\01. Manager\00. Main\04. Physics\Force</Filter>
    </ClInclude>
    <ClInclude Include="Public\Physics\PhysicsWorld3D.h">
      <Filter>01. System\01. Manager\00. Main\04. Physics\Core</Filter>
    </ClInclude>
    <ClInclude Include="Public\Physics\PhysicsCore.h">
      <Filter>01. System\01. Manager\00. Main\04. Physics\Core</Filter>
    </ClInclude>
    <ClInclude Include="Public\Physics\PhysicsPrecision.h">
      <Filter>01. System\01. Manager\00. Main\04. Physics\Core</Filter>
    </ClInclude>
    <ClInclude Include="Public\Physics\RigidBody.h">
      <Filter>01. System\01. Manager\00. Main\04. Physics\Core</Filter>
    </ClInclude>
    <ClInclude Include="Public\Component\ColliderComponent.h">
      <Filter>02. Utility\02. Component\01. SceneComponent\02. ColliderComponent</Filter>
    </ClInclude>
    <ClInclude Include="Public\System\InputDev.h">
      <Filter>01. System\01. Manager\00. Main\02. InputDev</Filter>
    </ClInclude>
    <ClInclude Include="Public\System\GameInstance.h">
      <Filter>01. System\01. Manager</Filter>
    </ClInclude>
    <ClInclude Include="Public\BaseClass\CloudStation.h">
      <Filter>01. System\01. Manager\02. GamePipeline\05. CloudStationMgr</Filter>
    </ClInclude>
    <ClInclude Include="Public\System\CloudStationMgr.h">
      <Filter>01. System\01. Manager\02. GamePipeline\05. CloudStationMgr</Filter>
    </ClInclude>
    <ClInclude Include="Public\System\CloudStationPtr.h">
      <Filter>01. System\01. Manager\02. GamePipeline\05. CloudStationMgr</Filter>
    </ClInclude>
    <ClInclude Include="Public\System\KeyMgr.h">
      <Filter>01. System\01. Manager\00. Main\03. Key</Filter>
    </ClInclude>
    <ClInclude Include="Public\System\TextureMgr.h">
      <Filter>01. System\01. Manager\01. Resource\02. Texture</Filter>
    </ClInclude>
    <ClInclude Include="Public\BaseClass\Layer.h">
      <Filter>02. Utility\01. BaseClass\03. Layer</Filter>
    </ClInclude>
    <ClInclude Include="Public\BaseClass\Level.h">
      <Filter>02. Utility\01. BaseClass\02. Level</Filter>
    </ClInclude>
    <ClInclude Include="Public\System\ComponentMgr.h">
      <Filter>01. System\01. Manager\02. GamePipeline\03. ComponentMgr</Filter>
    </ClInclude>
    <ClInclude Include="Public\System\ObjectMgr.h">
      <Filter>01. System\01. Manager\02. GamePipeline\02. ObjectMgr</Filter>
    </ClInclude>
    <ClInclude Include="Public\System\MultiStateTexture.h">
      <Filter>01. System\01. Manager\01. Resource\02. Texture</Filter>
    </ClInclude>
    <ClInclude Include="Public\System\Texture.h">
      <Filter>01. System\01. Manager\01. Resource\02. Texture</Filter>
    </ClInclude>
    <ClInclude Include="Public\Component\ShaderComponent.h">
      <Filter>02. Utility\02. Component\02. GameObjectComp\01. ShaderComponent</Filter>
    </ClInclude>
    <ClInclude Include="Public\Component\ColorShaderComp.h">
      <Filter>02. Utility\02. Component\02. GameObjectComp\01. ShaderComponent\01. ColorShaderComp</Filter>
    </ClInclude>
    <ClInclude Include="Public\Component\VIBufferComp.h">
      <Filter>02. Utility\02. Component\03. InternalComponent\01. BufferComponent</Filter>
    </ClInclude>
    <ClInclude Include="Public\Component\TriBufferComp.h">
      <Filter>02. Utility\02. Component\03. InternalComponent\01. BufferComponent\01. Tri</Filter>
    </ClInclude>
    <ClInclude Include="Public\System\RenderMgr.h">
      <Filter>01. System\01. Manager\02. GamePipeline\04. RenderMgr</Filter>
    </ClInclude>
    <ClInclude Include="Public\BaseClass\Camera.h">
      <Filter>02. Utility\01. BaseClass\01. GameObject\01. Camera</Filter>
    </ClInclude>
    <ClInclude Include="LogicDeviceBasic.h">
      <Filter>02. Utility\06. LogicDevice</Filter>
    </ClInclude>
    <ClInclude Include="Public\Component\ModelBufferComp.h">
      <Filter>02. Utility\02. Component\03. InternalComponent\01. BufferComponent\03. Model</Filter>
    </ClInclude>
    <ClInclude Include="Public\Component\ModelShaderComp.h">
      <Filter>02. Utility\02. Component\02. GameObjectComp\01. ShaderComponent\02. ModelShaderComp</Filter>
    </ClInclude>
    <ClInclude Include="Public\Component\TextureComponent.h">
      <Filter>02. Utility\02. Component\01. SceneComponent\04. TextureComponent</Filter>
    </ClInclude>
    <ClInclude Include="Public\Component\GameObjectComp.h">
      <Filter>02. Utility\02. Component\02. GameObjectComp</Filter>
    </ClInclude>
    <ClInclude Include="Public\System\SoundMgr.h">
      <Filter>01. System\01. Manager\01. Resource\01. Sound</Filter>
    </ClInclude>
    <ClInclude Include="Public\System\FontMgr.h">
      <Filter>01. System\01. Manager\01. Resource\03. Font</Filter>
    </ClInclude>
    <ClInclude Include="Public\System\MyFont.h">
      <Filter>01. System\01. Manager\01. Resource\03. Font</Filter>
    </ClInclude>
    <ClInclude Include="Public\System\Frame.h">
      <Filter>01. System\01. Manager\00. Main\06. FrameMgr</Filter>
    </ClInclude>
    <ClInclude Include="Public\System\FrameMgr.h">
      <Filter>01. System\01. Manager\00. Main\06. FrameMgr</Filter>
    </ClInclude>
    <ClInclude Include="Public\System\Timer.h">
      <Filter>01. System\01. Manager\00. Main\05. TimeMgr</Filter>
    </ClInclude>
    <ClInclude Include="Public\System\TimerMgr.h">
      <Filter>01. System\01. Manager\00. Main\05. TimeMgr</Filter>
    </ClInclude>
    <ClInclude Include="Public\System\ModelMgr.h">
      <Filter>01. System\01. Manager\01. Resource\04. ModelMgr</Filter>
    </ClInclude>
    <ClInclude Include="Public\BaseClass\ImGuiWin.h">
      <Filter>01. System\01. Manager\02. GamePipeline\06. ImGuiMgr</Filter>
    </ClInclude>
    <ClInclude Include="Public\System\ImGuiMgr.h">
      <Filter>01. System\01. Manager\02. GamePipeline\06. ImGuiMgr</Filter>
    </ClInclude>
    <ClInclude Include="Public\System\GraphicDev.h">
      <Filter>01. System\01. Manager\00. Main\01. GraphicDev</Filter>
    </ClInclude>
    <ClInclude Include="Public\System\JobMgr.h">
      <Filter>01. System\01. Manager\00. Main\07. JobQueue</Filter>
    </ClInclude>
    <ClInclude Include="Public\System\ShaderMgr.h">
      <Filter>01. System\01. Manager\01. Resource\06. ShaderMgr</Filter>
    </ClInclude>
    <ClInclude Include="Public\System\AnimationMgr.h">
      <Filter>01. System\01. Manager\01. Resource\05. AnimationMgr</Filter>
    </ClInclude>
    <ClInclude Include="Public\System\ShaderMgr_Enum.h">
      <Filter>01. System\01. Manager\01. Resource\06. ShaderMgr</Filter>
    </ClInclude>
    <ClInclude Include="Public\System\GraphicDev_Include.h">
      <Filter>01. System\01. Manager\00. Main\01. GraphicDev</Filter>
    </ClInclude>
    <ClInclude Include="Public\System\ParticleMgr.h">
      <Filter>01. System\01. Manager\01. Resource\07. ParticleMgr</Filter>
    </ClInclude>
    <ClInclude Include="Public\Component\RectBufferComp.h">
      <Filter>02. Utility\02. Component\03. InternalComponent\01. BufferComponent\02. Rect</Filter>
    </ClInclude>
    <ClInclude Include="Public\Component\Define\Component_Define.h">
      <Filter>02. Utility\02. Component</Filter>
    </ClInclude>
    <ClInclude Include="Public\Component\BoxBufferComp.h">
      <Filter>02. Utility\02. Component\03. InternalComponent\01. BufferComponent\04. Box</Filter>
    </ClInclude>
    <ClInclude Include="Public\System\Data\BoneAnimData.h">
      <Filter>01. System\01. Manager\01. Resource\04. ModelMgr\Data</Filter>
    </ClInclude>
    <ClInclude Include="Public\System\Data\MeshData.h">
      <Filter>01. System\01. Manager\01. Resource\04. ModelMgr\Data</Filter>
    </ClInclude>
    <ClInclude Include="Public\System\Data\BoneData.h">
      <Filter>01. System\01. Manager\01. Resource\04. ModelMgr\Data</Filter>
    </ClInclude>
    <ClInclude Include="Public\System\Define\ModelMgr_Define.h">
      <Filter>01. System\01. Manager\01. Resource\04. ModelMgr\Define</Filter>
    </ClInclude>
    <ClInclude Include="Public\Component\InternalComponent.h">
      <Filter>02. Utility\02. Component\03. InternalComponent</Filter>
    </ClInclude>
    <ClInclude Include="Public\Component\SkeletalComponent.h">
      <Filter>02. Utility\02. Component\03. InternalComponent\02. SkeletalComponent</Filter>
    </ClInclude>
    <ClInclude Include="Public\Component\Component.h">
      <Filter>02. Utility\02. Component</Filter>
    </ClInclude>
    <ClInclude Include="Public\Component\MaterialComponent.h">
      <Filter>02. Utility\02. Component\03. InternalComponent\04. MaterialComponent</Filter>
    </ClInclude>
    <ClInclude Include="Public\Component\AnimationComponent.h">
      <Filter>02. Utility\02. Component\03. InternalComponent\03. AnimationComponent</Filter>
    </ClInclude>
    <ClInclude Include="Public\System\LevelMgr.h">
      <Filter>01. System\01. Manager\02. GamePipeline\01. LevelMgr</Filter>
    </ClInclude>
    <ClInclude Include="Public\Component\D3D11DeviceComp.h">
      <Filter>02. Utility\02. Component\03. InternalComponent\00. D3D11DeviceComp</Filter>
    </ClInclude>
    <ClInclude Include="Public\Component\Interface\ID3D11DeviceComp.h">
      <Filter>02. Utility\02. Component\03. InternalComponent\00. D3D11DeviceComp\Interface</Filter>
    </ClInclude>
    <ClInclude Include="Public\Component\TeamAgentComp.h">
      <Filter>02. Utility\02. Component\03. InternalComponent\05. TeamAgentComponent</Filter>
    </ClInclude>
    <ClInclude Include="Public\BaseClass\Terrain.h">
      <Filter>02. Utility\01. BaseClass\01. GameObject\03. Terrain</Filter>
    </ClInclude>
    <ClInclude Include="Public\Component\Interface\ITransform.h">
      <Filter>02. Utility\02. Component\01. SceneComponent\01. TransformComponent</Filter>
    </ClInclude>
    <ClInclude Include="Public\Component\ModelComponent.h">
      <Filter>02. Utility\02. Component\01. SceneComponent\03. ModelComponent</Filter>
    </ClInclude>
    <ClInclude Include="Public\Component\Interface\IVIBufferComp.h">
      <Filter>02. Utility\02. Component\03. InternalComponent\01. BufferComponent\Interface</Filter>
    </ClInclude>
    <ClInclude Include="Public\Component\Interface\IMaterialComponent.h">
      <Filter>02. Utility\02. Component\03. InternalComponent\04. MaterialComponent</Filter>
    </ClInclude>
    <ClInclude Include="Public\Component\SkinnedModelComp.h">
      <Filter>02. Utility\02. Component\01. SceneComponent\03. ModelComponent\01. SkinnedModelComp</Filter>
    </ClInclude>
    <ClInclude Include="Public\Component\Interface\ISkeletalComponent.h">
      <Filter>02. Utility\02. Component\03. InternalComponent\02. SkeletalComponent\Interface</Filter>
    </ClInclude>
    <ClInclude Include="Public\Component\Interface\IAnimationComponent.h">
      <Filter>02. Utility\02. Component\03. InternalComponent\03. AnimationComponent\Interface</Filter>
    </ClInclude>
    <ClInclude Include="Public\Component\Interface\ITeamAgentComp.h">
      <Filter>02. Utility\02. Component\03. InternalComponent\05. TeamAgentComponent\Interface</Filter>
    </ClInclude>
    <ClInclude Include="Public\System\PipelineMgr.h">
      <Filter>01. System\01. Manager\02. GamePipeline\07. CamViewMgr</Filter>
    </ClInclude>
    <ClInclude Include="Public\System\Define\PipelineMgr_Define.h">
      <Filter>01. System\01. Manager\02. GamePipeline\07. CamViewMgr</Filter>
    </ClInclude>
    <ClInclude Include="Public\Component\CloudStationComp.h">
      <Filter>02. Utility\02. Component\02. GameObjectComp\02. CloudStationComp</Filter>
    </ClInclude>
    <ClInclude Include="Public\Component\MultiMeshBufComp.h">
      <Filter>02. Utility\02. Component\03. InternalComponent\01. BufferComponent\05. MultiMesh</Filter>
    </ClInclude>
    <ClInclude Include="Public\Component\SkinnedModelShaderComp.h">
      <Filter>02. Utility\02. Component\02. GameObjectComp\01. ShaderComponent\03. SkinnedModelShaderComp</Filter>
    </ClInclude>
    <ClInclude Include="Public\Component\EffectComponent.h">
      <Filter>02. Utility\02. Component\03. InternalComponent\06. EffectComponent</Filter>
    </ClInclude>
    <ClInclude Include="Public\Component\PipelineComp.h">
      <Filter>02. Utility\02. Component\03. InternalComponent\07. CamViewComponent</Filter>
    </ClInclude>
  </ItemGroup>
  <ItemGroup>
    <ClCompile Include="Public\Base.inl">
      <Filter>01. System\00. Base</Filter>
    </ClCompile>
    <ClCompile Include="Private\Component\PrimitiveComponent.cpp">
      <Filter>02. Utility\02. Component</Filter>
    </ClCompile>
    <ClCompile Include="Private\Component\SceneComponent.cpp">
      <Filter>02. Utility\02. Component\01. SceneComponent</Filter>
    </ClCompile>
    <ClCompile Include="Private\Component\TransformComponent.cpp">
      <Filter>02. Utility\02. Component\01. SceneComponent\01. TransformComponent</Filter>
    </ClCompile>
    <ClCompile Include="Private\BaseClass\GameObject.cpp">
      <Filter>02. Utility\01. BaseClass\01. GameObject</Filter>
    </ClCompile>
    <ClCompile Include="Private\System\PhysicsMgr.cpp">
      <Filter>01. System\01. Manager\00. Main\04. Physics</Filter>
    </ClCompile>
    <ClCompile Include="Private\Physics\Collide.cpp">
      <Filter>01. System\01. Manager\00. Main\04. Physics\Collision</Filter>
    </ClCompile>
    <ClCompile Include="Private\Physics\CollisionPrimitive.cpp">
      <Filter>01. System\01. Manager\00. Main\04. Physics\Collision</Filter>
    </ClCompile>
    <ClCompile Include="Private\Physics\Contact.cpp">
      <Filter>01. System\01. Manager\00. Main\04. Physics\Collision</Filter>
    </ClCompile>
    <ClCompile Include="Private\Physics\ContactGen_Joint.cpp">
      <Filter>01. System\01. Manager\00. Main\04. Physics\Collision</Filter>
    </ClCompile>
    <ClCompile Include="Private\Physics\ForceGenerator.cpp">
      <Filter>01. System\01. Manager\00. Main\04. Physics\Force</Filter>
    </ClCompile>
    <ClCompile Include="Private\Physics\PhysicsCore.cpp">
      <Filter>01. System\01. Manager\00. Main\04. Physics\Core</Filter>
    </ClCompile>
    <ClCompile Include="Private\Physics\PhysicsWorld3D.cpp">
      <Filter>01. System\01. Manager\00. Main\04. Physics\Core</Filter>
    </ClCompile>
    <ClCompile Include="Private\Physics\RigidBody.cpp">
      <Filter>01. System\01. Manager\00. Main\04. Physics\Core</Filter>
    </ClCompile>
    <ClCompile Include="Private\Component\ColliderComponent.cpp">
      <Filter>02. Utility\02. Component\01. SceneComponent\02. ColliderComponent</Filter>
    </ClCompile>
    <ClCompile Include="Private\System\InputDev.cpp">
      <Filter>01. System\01. Manager\00. Main\02. InputDev</Filter>
    </ClCompile>
    <ClCompile Include="Private\System\GameInstance.cpp">
      <Filter>01. System\01. Manager</Filter>
    </ClCompile>
    <ClCompile Include="Private\BaseClass\CloudStation.cpp">
      <Filter>01. System\01. Manager\02. GamePipeline\05. CloudStationMgr</Filter>
    </ClCompile>
    <ClCompile Include="Private\System\CloudStationMgr.cpp">
      <Filter>01. System\01. Manager\02. GamePipeline\05. CloudStationMgr</Filter>
    </ClCompile>
    <ClCompile Include="Private\System\CloudStationPtr.cpp">
      <Filter>01. System\01. Manager\02. GamePipeline\05. CloudStationMgr</Filter>
    </ClCompile>
    <ClCompile Include="Private\System\KeyMgr.cpp">
      <Filter>01. System\01. Manager\00. Main\03. Key</Filter>
    </ClCompile>
    <ClCompile Include="Private\System\TextureMgr.cpp">
      <Filter>01. System\01. Manager\01. Resource\02. Texture</Filter>
    </ClCompile>
    <ClCompile Include="Private\BaseClass\Level.cpp">
      <Filter>02. Utility\01. BaseClass\02. Level</Filter>
    </ClCompile>
    <ClCompile Include="Private\BaseClass\Layer.cpp">
      <Filter>02. Utility\01. BaseClass\03. Layer</Filter>
    </ClCompile>
    <ClCompile Include="Private\System\ComponentMgr.cpp">
      <Filter>01. System\01. Manager\02. GamePipeline\03. ComponentMgr</Filter>
    </ClCompile>
    <ClCompile Include="Private\System\ObjectMgr.cpp">
      <Filter>01. System\01. Manager\02. GamePipeline\02. ObjectMgr</Filter>
    </ClCompile>
    <ClCompile Include="Private\System\MultiStateTexture.cpp">
      <Filter>01. System\01. Manager\01. Resource\02. Texture</Filter>
    </ClCompile>
    <ClCompile Include="Private\System\Texture.cpp">
      <Filter>01. System\01. Manager\01. Resource\02. Texture</Filter>
    </ClCompile>
    <ClCompile Include="Private\Component\ShaderComponent.cpp">
      <Filter>02. Utility\02. Component\02. GameObjectComp\01. ShaderComponent</Filter>
    </ClCompile>
    <ClCompile Include="Private\Component\ColorShaderComp.cpp">
      <Filter>02. Utility\02. Component\02. GameObjectComp\01. ShaderComponent\01. ColorShaderComp</Filter>
    </ClCompile>
    <ClCompile Include="Private\Component\VIBufferComp.cpp">
      <Filter>02. Utility\02. Component\03. InternalComponent\01. BufferComponent</Filter>
    </ClCompile>
    <ClCompile Include="Private\Component\TriBufferComp.cpp">
      <Filter>02. Utility\02. Component\03. InternalComponent\01. BufferComponent\01. Tri</Filter>
    </ClCompile>
    <ClCompile Include="Private\System\RenderMgr.cpp">
      <Filter>01. System\01. Manager\02. GamePipeline\04. RenderMgr</Filter>
    </ClCompile>
    <ClCompile Include="Private\BaseClass\Camera.cpp">
      <Filter>02. Utility\01. BaseClass\01. GameObject\01. Camera</Filter>
    </ClCompile>
    <ClCompile Include="Private\Component\ModelBufferComp.cpp">
      <Filter>02. Utility\02. Component\03. InternalComponent\01. BufferComponent\03. Model</Filter>
    </ClCompile>
    <ClCompile Include="Private\Component\TextureComponent.cpp">
      <Filter>02. Utility\02. Component\01. SceneComponent\04. TextureComponent</Filter>
    </ClCompile>
    <ClCompile Include="Private\Component\GameObjectComp.cpp">
      <Filter>02. Utility\02. Component\02. GameObjectComp</Filter>
    </ClCompile>
    <ClCompile Include="Private\System\SoundMgr.cpp">
      <Filter>01. System\01. Manager\01. Resource\01. Sound</Filter>
    </ClCompile>
    <ClCompile Include="Private\System\FontMgr.cpp">
      <Filter>01. System\01. Manager\01. Resource\03. Font</Filter>
    </ClCompile>
    <ClCompile Include="Private\System\MyFont.cpp">
      <Filter>01. System\01. Manager\01. Resource\03. Font</Filter>
    </ClCompile>
    <ClCompile Include="Private\System\Frame.cpp">
      <Filter>01. System\01. Manager\00. Main\06. FrameMgr</Filter>
    </ClCompile>
    <ClCompile Include="Private\System\FrameMgr.cpp">
      <Filter>01. System\01. Manager\00. Main\06. FrameMgr</Filter>
    </ClCompile>
    <ClCompile Include="Private\System\Timer.cpp">
      <Filter>01. System\01. Manager\00. Main\05. TimeMgr</Filter>
    </ClCompile>
    <ClCompile Include="Private\System\TimerMgr.cpp">
      <Filter>01. System\01. Manager\00. Main\05. TimeMgr</Filter>
    </ClCompile>
    <ClCompile Include="Private\System\JobMgr.cpp">
      <Filter>01. System\01. Manager\00. Main\07. JobQueue</Filter>
    </ClCompile>
    <ClCompile Include="Private\System\ModelMgr.cpp">
      <Filter>01. System\01. Manager\01. Resource\04. ModelMgr</Filter>
    </ClCompile>
    <ClCompile Include="Private\BaseClass\ImGuiWin.cpp">
      <Filter>01. System\01. Manager\02. GamePipeline\06. ImGuiMgr</Filter>
    </ClCompile>
    <ClCompile Include="Private\System\ImGuiMgr.cpp">
      <Filter>01. System\01. Manager\02. GamePipeline\06. ImGuiMgr</Filter>
    </ClCompile>
    <ClCompile Include="Private\System\GraphicDev.cpp">
      <Filter>01. System\01. Manager\00. Main\01. GraphicDev</Filter>
    </ClCompile>
    <ClCompile Include="Private\System\ShaderMgr.cpp">
      <Filter>01. System\01. Manager\01. Resource\06. ShaderMgr</Filter>
    </ClCompile>
    <ClCompile Include="Private\System\AnimationMgr.cpp">
      <Filter>01. System\01. Manager\01. Resource\05. AnimationMgr</Filter>
    </ClCompile>
    <ClCompile Include="Private\System\ParticleMgr.cpp">
      <Filter>01. System\01. Manager\01. Resource\07. ParticleMgr</Filter>
    </ClCompile>
    <ClCompile Include="Private\Component\RectBufferComp.cpp">
      <Filter>02. Utility\02. Component\03. InternalComponent\01. BufferComponent\02. Rect</Filter>
    </ClCompile>
    <ClCompile Include="Private\Component\ModelShaderComp.cpp">
      <Filter>02. Utility\02. Component\02. GameObjectComp\01. ShaderComponent\02. ModelShaderComp</Filter>
    </ClCompile>
    <ClCompile Include="Private\Component\BoxBufferComp.cpp">
      <Filter>02. Utility\02. Component\03. InternalComponent\01. BufferComponent\04. Box</Filter>
    </ClCompile>
    <ClCompile Include="Private\System\Data\BoneAnimData.cpp">
      <Filter>01. System\01. Manager\01. Resource\04. ModelMgr\Data</Filter>
    </ClCompile>
    <ClCompile Include="Private\System\Data\MeshData.cpp">
      <Filter>01. System\01. Manager\01. Resource\04. ModelMgr\Data</Filter>
    </ClCompile>
    <ClCompile Include="Private\System\Data\BoneData.cpp">
      <Filter>01. System\01. Manager\01. Resource\04. ModelMgr\Data</Filter>
    </ClCompile>
    <ClCompile Include="Private\Component\InternalComponent.cpp">
      <Filter>02. Utility\02. Component\03. InternalComponent</Filter>
    </ClCompile>
    <ClCompile Include="Private\Component\SkeletalComponent.cpp">
      <Filter>02. Utility\02. Component\03. InternalComponent\02. SkeletalComponent</Filter>
    </ClCompile>
    <ClCompile Include="Private\Component\Component.cpp">
      <Filter>02. Utility\02. Component</Filter>
    </ClCompile>
    <ClCompile Include="Private\Component\AnimationComponent.cpp">
      <Filter>02. Utility\02. Component\03. InternalComponent\03. AnimationComponent</Filter>
    </ClCompile>
    <ClCompile Include="Private\Component\MaterialComponent.cpp">
      <Filter>02. Utility\02. Component\03. InternalComponent\04. MaterialComponent</Filter>
    </ClCompile>
    <ClCompile Include="Private\System\LevelMgr.cpp">
      <Filter>01. System\01. Manager\02. GamePipeline\01. LevelMgr</Filter>
    </ClCompile>
    <ClCompile Include="Private\Component\D3D11DeviceComp.cpp">
      <Filter>02. Utility\02. Component\03. InternalComponent\00. D3D11DeviceComp</Filter>
    </ClCompile>
    <ClCompile Include="Private\Component\TeamAgentComp.cpp">
      <Filter>02. Utility\02. Component\03. InternalComponent\05. TeamAgentComponent</Filter>
    </ClCompile>
    <ClCompile Include="Private\BaseClass\Terrain.cpp">
      <Filter>02. Utility\01. BaseClass\01. GameObject\03. Terrain</Filter>
    </ClCompile>
    <ClCompile Include="Private\Component\ModelComponent.cpp">
      <Filter>02. Utility\02. Component\01. SceneComponent\03. ModelComponent</Filter>
    </ClCompile>
    <ClCompile Include="Private\Component\SkinnedModelComp.cpp">
      <Filter>02. Utility\02. Component\01. SceneComponent\03. ModelComponent\01. SkinnedModelComp</Filter>
    </ClCompile>
    <ClCompile Include="Private\System\PipelineMgr.cpp">
      <Filter>01. System\01. Manager\02. GamePipeline\07. CamViewMgr</Filter>
    </ClCompile>
    <ClCompile Include="Private\Component\CloudStationComp.cpp">
      <Filter>02. Utility\02. Component\02. GameObjectComp\02. CloudStationComp</Filter>
    </ClCompile>
    <ClCompile Include="Private\Component\MultiMeshBufComp.cpp">
      <Filter>02. Utility\02. Component\03. InternalComponent\01. BufferComponent\05. MultiMesh</Filter>
    </ClCompile>
    <ClCompile Include="Private\Component\SkinnedModelShaderComp.cpp">
      <Filter>02. Utility\02. Component\02. GameObjectComp\01. ShaderComponent\03. SkinnedModelShaderComp</Filter>
    </ClCompile>
    <ClCompile Include="Private\Component\EffectComponent.cpp">
      <Filter>02. Utility\02. Component\03. InternalComponent\06. EffectComponent</Filter>
    </ClCompile>
    <ClCompile Include="Private\Component\PipelineComp.cpp">
      <Filter>02. Utility\02. Component\03. InternalComponent\07. CamViewComponent</Filter>
    </ClCompile>
  </ItemGroup>
  <ItemGroup>
    <FxCompile Include="Shader\Compiled\PS_ModelTest.hlsl">
      <Filter>03. Shader\99. Test\ModelTest</Filter>
    </FxCompile>
    <FxCompile Include="Shader\Compiled\VS_ModelTest.hlsl">
      <Filter>03. Shader\99. Test\ModelTest</Filter>
    </FxCompile>
    <FxCompile Include="Shader\Compiled\VS_Test1.hlsl">
      <Filter>03. Shader\99. Test\Test1</Filter>
    </FxCompile>
    <FxCompile Include="Shader\Compiled\PS_Test1.hlsl">
      <Filter>03. Shader\99. Test\Test1</Filter>
    </FxCompile>
    <FxCompile Include="Shader\Compiled\VS_Texture.hlsl">
      <Filter>03. Shader\99. Test\Texture</Filter>
    </FxCompile>
    <FxCompile Include="Shader\Compiled\PS_Texture.hlsl">
      <Filter>03. Shader\99. Test\Texture</Filter>
    </FxCompile>
    <FxCompile Include="Shader\Compiled\VS_Deferred_GBuffer.hlsl">
      <Filter>03. Shader\02. DeferredShading\01. GBuffer</Filter>
    </FxCompile>
    <FxCompile Include="Shader\Compiled\PS_Deferred_GBuffer.hlsl">
      <Filter>03. Shader\02. DeferredShading\01. GBuffer</Filter>
    </FxCompile>
  </ItemGroup>
  <ItemGroup>
    <None Include="Shader\Runtime\FX_ModelTest.hlsl">
      <Filter>03. Shader\99. Test\EffectTest</Filter>
    </None>
  </ItemGroup>
</Project>