<?xml version="1.0" encoding="utf-8"?>
<Project ToolsVersion="4.0" xmlns="http://schemas.microsoft.com/developer/msbuild/2003">
  <ItemGroup>
    <Filter Include="소스 파일">
      <UniqueIdentifier>{4FC737F1-C7A5-4376-A066-2A32D752A2FF}</UniqueIdentifier>
      <Extensions>cpp;c;cc;cxx;c++;cppm;ixx;def;odl;idl;hpj;bat;asm;asmx</Extensions>
    </Filter>
    <Filter Include="헤더 파일">
      <UniqueIdentifier>{93995380-89BD-4b04-88EB-625FBE52EBFB}</UniqueIdentifier>
      <Extensions>h;hh;hpp;hxx;h++;hm;inl;inc;ipp;xsd</Extensions>
    </Filter>
    <Filter Include="리소스 파일">
      <UniqueIdentifier>{67DA6AB6-F800-4c08-8B7A-83BB121AAD01}</UniqueIdentifier>
      <Extensions>rc;ico;cur;bmp;dlg;rc2;rct;bin;rgs;gif;jpg;jpeg;jpe;resx;tiff;tif;png;wav;mfcribbon-ms</Extensions>
    </Filter>
    <Filter Include="00. MainApp">
      <UniqueIdentifier>{28a5e0f8-cdd3-496d-ad69-aa8a2b8ee8ab}</UniqueIdentifier>
    </Filter>
    <Filter Include="99. Define">
      <UniqueIdentifier>{0264128b-c854-4d33-8e6b-23dafcb1936e}</UniqueIdentifier>
    </Filter>
    <Filter Include="01. ImGuiWin">
      <UniqueIdentifier>{4027a7f5-1d87-4174-b302-b5fa8ce41309}</UniqueIdentifier>
    </Filter>
    <Filter Include="01. ImGuiWin\01. Docking">
      <UniqueIdentifier>{af839860-3422-457d-811e-6719261c6007}</UniqueIdentifier>
    </Filter>
    <Filter Include="01. ImGuiWin\02. MapTool">
      <UniqueIdentifier>{cdd3ad3f-bb49-414c-81cf-22f32bbadfc5}</UniqueIdentifier>
    </Filter>
    <Filter Include="01. ImGuiWin\00. General">
      <UniqueIdentifier>{09624850-bde8-4ee1-ade7-f93eefa5fee0}</UniqueIdentifier>
    </Filter>
    <Filter Include="01. ImGuiWin\00. General\01. Viewer">
      <UniqueIdentifier>{18c31798-aa1c-4b92-b987-dc500a2fe6d1}</UniqueIdentifier>
    </Filter>
    <Filter Include="02. Level">
      <UniqueIdentifier>{b0fbf759-de78-4db4-a510-dd22cfb43f29}</UniqueIdentifier>
    </Filter>
    <Filter Include="03. GameObject">
      <UniqueIdentifier>{eb136014-188d-4169-a6b0-510cba7dd2f9}</UniqueIdentifier>
    </Filter>
    <Filter Include="01. ImGuiWin\00. General\02. Hierarchi">
      <UniqueIdentifier>{ca7ea2a0-adbb-4e00-bb4f-3c0d104d8a98}</UniqueIdentifier>
    </Filter>
    <Filter Include="01. ImGuiWin\00. General\03. Property">
      <UniqueIdentifier>{17ecfaaf-7a19-44f0-b9c6-10edc99d8829}</UniqueIdentifier>
    </Filter>
    <Filter Include="01. ImGuiWin\00. General\04. Browser">
      <UniqueIdentifier>{0c1c4f4b-2b28-457b-a480-fd331977ec5f}</UniqueIdentifier>
    </Filter>
    <Filter Include="98 Client">
      <UniqueIdentifier>{980c7257-3973-4922-9654-65d30994936f}</UniqueIdentifier>
    </Filter>
    <Filter Include="01. ImGuiWin\03. ObjectTool">
      <UniqueIdentifier>{0af47494-096a-4cdd-9c1e-32c84d11a8d7}</UniqueIdentifier>
    </Filter>
    <Filter Include="01. ImGuiWin\04. AnimationTool">
      <UniqueIdentifier>{4d308cf8-8144-49ff-b09a-aa30cbfd9497}</UniqueIdentifier>
    </Filter>
    <Filter Include="01. ImGuiWin\02. MapTool\01. Terrain">
      <UniqueIdentifier>{cba799f0-e718-4e97-9761-17d0f80504c1}</UniqueIdentifier>
    </Filter>
    <Filter Include="01. ImGuiWin\02. MapTool\02. Navigation">
      <UniqueIdentifier>{73432e3d-3e8b-4254-a993-38087f3e40d1}</UniqueIdentifier>
    </Filter>
    <Filter Include="97. ImGuiGizmo">
      <UniqueIdentifier>{f8163e16-0017-49cd-b90a-82f3d5951832}</UniqueIdentifier>
    </Filter>
    <Filter Include="01. ImGuiWin\03. ObjectTool\02. PrototypeBrowser">
      <UniqueIdentifier>{9290cf44-9cae-4b6c-b2f0-accae3753e4a}</UniqueIdentifier>
    </Filter>
    <Filter Include="01. ImGuiWin\03. ObjectTool\01. ClassBrowser">
      <UniqueIdentifier>{bb8a386d-98a7-4c8a-bc06-a3ef50db8d9a}</UniqueIdentifier>
    </Filter>
    <Filter Include="97. ImGuiGizmo\FIle">
      <UniqueIdentifier>{0dab68ec-696e-44c8-b039-c69f6ce8aa44}</UniqueIdentifier>
    </Filter>
    <Filter Include="01. ImGuiWin\03. ObjectTool\02. PrototypeProperty">
      <UniqueIdentifier>{ec306c43-a2be-4ed3-841f-7673e9fb0cc9}</UniqueIdentifier>
    </Filter>
  </ItemGroup>
  <ItemGroup>
    <ClInclude Include="Include\framework.h">
      <Filter>헤더 파일</Filter>
    </ClInclude>
    <ClInclude Include="Include\Resource.h">
      <Filter>헤더 파일</Filter>
    </ClInclude>
    <ClInclude Include="Include\targetver.h">
      <Filter>헤더 파일</Filter>
    </ClInclude>
    <ClInclude Include="Include\Tool.h">
      <Filter>헤더 파일</Filter>
    </ClInclude>
    <ClInclude Include="Public\MainApp.h">
      <Filter>00. MainApp</Filter>
    </ClInclude>
    <ClInclude Include="Public\Tool_Define.h">
      <Filter>99. Define</Filter>
    </ClInclude>
    <ClInclude Include="Public\ImGuiWin\ImGuiWin_Docking.h">
      <Filter>01. ImGuiWin\01. Docking</Filter>
    </ClInclude>
    <ClInclude Include="Public\ImGuiWin\ImGuiWin_MapTool.h">
      <Filter>01. ImGuiWin\02. MapTool</Filter>
    </ClInclude>
    <ClInclude Include="Public\ImGuiWin\ImGuiWin_Viewer.h">
      <Filter>01. ImGuiWin\00. General\01. Viewer</Filter>
    </ClInclude>
    <ClInclude Include="Public\ImGuiWin\ImGuiWin_Hierarchi.h">
      <Filter>01. ImGuiWin\00. General\02. Hierarchi</Filter>
    </ClInclude>
    <ClInclude Include="Public\ImGuiWin\ImGuiWin_Property.h">
      <Filter>01. ImGuiWin\00. General\03. Property</Filter>
    </ClInclude>
    <ClInclude Include="Public\ImGuiWin\ImGuiWin_Browser.h">
      <Filter>01. ImGuiWin\00. General\04. Browser</Filter>
    </ClInclude>
    <ClInclude Include="Public\GameObject\ToolCamera.h">
      <Filter>03. GameObject</Filter>
    </ClInclude>
    <ClInclude Include="Public\Level\Level_MapTool.h">
      <Filter>02. Level</Filter>
    </ClInclude>
    <ClInclude Include="Public\ImGuiWin\ImGuiWin_ObjectTool.h">
      <Filter>01. ImGuiWin\03. ObjectTool</Filter>
    </ClInclude>
    <ClInclude Include="Public\ImGuiWin\ImGuiWin_Terrain.h">
      <Filter>01. ImGuiWin\02. MapTool\01. Terrain</Filter>
    </ClInclude>
    <ClInclude Include="Public\ImGuiWin\ImGuiWin.h">
      <Filter>01. ImGuiWin</Filter>
    </ClInclude>
    <ClInclude Include="Public\ImGuiWin\ImGuiMgr.h">
      <Filter>01. ImGuiWin</Filter>
    </ClInclude>
    <ClInclude Include="Public\ImGuiWin\ImGuiWin_Navigation.h">
      <Filter>01. ImGuiWin\02. MapTool\02. Navigation</Filter>
    </ClInclude>
    <ClInclude Include="Public\ImGuiWin\ImGuiWin_PrototypeBrowser.h">
      <Filter>01. ImGuiWin\03. ObjectTool\02. PrototypeBrowser</Filter>
    </ClInclude>
    <ClInclude Include="Public\ImGuiWin\ImGuiWin_ClassBrowser.h">
      <Filter>01. ImGuiWin\03. ObjectTool\01. ClassBrowser</Filter>
    </ClInclude>
    <ClInclude Include="..\Reference\Header\ImGuiFileSystem\ImGuiFileDialog.h">
      <Filter>97. ImGuiGizmo\FIle</Filter>
    </ClInclude>
    <ClInclude Include="..\Reference\Header\ImGuiFileSystem\ImGuiFileDialogConfig.h">
      <Filter>97. ImGuiGizmo\FIle</Filter>
    </ClInclude>
    <ClInclude Include="Public\ImGuiWin\ImGuiWin_PrototypeProperty.h">
      <Filter>헤더 파일</Filter>
    </ClInclude>
  </ItemGroup>
  <ItemGroup>
    <ClCompile Include="Include\Tool.cpp">
      <Filter>소스 파일</Filter>
    </ClCompile>
    <ClCompile Include="Private\MainApp.cpp">
      <Filter>00. MainApp</Filter>
    </ClCompile>
    <ClCompile Include="Private\ImGuiWin\ImGuiWin_Docking.cpp">
      <Filter>01. ImGuiWin\01. Docking</Filter>
    </ClCompile>
    <ClCompile Include="Private\ImGuiWin\ImGuiWin_MapTool.cpp">
      <Filter>01. ImGuiWin\02. MapTool</Filter>
    </ClCompile>
    <ClCompile Include="Private\ImGuiWin\ImGuiWin_Viewer.cpp">
      <Filter>01. ImGuiWin\00. General\01. Viewer</Filter>
    </ClCompile>
    <ClCompile Include="Private\ImGuiWin\ImGuiWin_Hierarchi.cpp">
      <Filter>01. ImGuiWin\00. General\02. Hierarchi</Filter>
    </ClCompile>
    <ClCompile Include="Private\ImGuiWin\ImGuiWin_Property.cpp">
      <Filter>01. ImGuiWin\00. General\03. Property</Filter>
    </ClCompile>
    <ClCompile Include="Private\ImGuiWin\ImGuiWin_Browser.cpp">
      <Filter>01. ImGuiWin\00. General\04. Browser</Filter>
    </ClCompile>
    <ClCompile Include="Private\GameObject\ToolCamera.cpp">
      <Filter>03. GameObject</Filter>
    </ClCompile>
    <ClCompile Include="Private\Level\Level_MapTool.cpp">
      <Filter>02. Level</Filter>
    </ClCompile>
    <ClCompile Include="..\Client\Private\GameObject\TestTextureObject.cpp">
      <Filter>98 Client</Filter>
    </ClCompile>
    <ClCompile Include="..\Client\Private\GameObject\DynamicCamera.cpp">
      <Filter>98 Client</Filter>
    </ClCompile>
    <ClCompile Include="Private\ImGuiWin\ImGuiWin_ObjectTool.cpp">
      <Filter>01. ImGuiWin\03. ObjectTool</Filter>
    </ClCompile>
    <ClCompile Include="Private\ImGuiWin\ImGuiWin_Terrain.cpp">
      <Filter>01. ImGuiWin\02. MapTool\01. Terrain</Filter>
    </ClCompile>
    <ClCompile Include="Private\ImGuiWin\ImGuiWin.cpp">
      <Filter>01. ImGuiWin</Filter>
    </ClCompile>
    <ClCompile Include="Private\ImGuiWin\ImGuiMgr.cpp">
      <Filter>01. ImGuiWin</Filter>
    </ClCompile>
    <ClCompile Include="..\Client\Private\GameObject\ItemChest.cpp">
      <Filter>98 Client</Filter>
    </ClCompile>
    <ClCompile Include="..\Client\Private\GameObject\Player.cpp">
      <Filter>98 Client</Filter>
    </ClCompile>
    <ClCompile Include="..\Client\Private\GameObject\ReaverBot_Horokko.cpp">
      <Filter>98 Client</Filter>
    </ClCompile>
    <ClCompile Include="..\Client\Private\GameObject\Weapon_Buster.cpp">
      <Filter>98 Client</Filter>
    </ClCompile>
    <ClCompile Include="Private\ImGuiWin\ImGuiWin_Navigation.cpp">
      <Filter>01. ImGuiWin\02. MapTool\02. Navigation</Filter>
    </ClCompile>
    <ClCompile Include="..\Reference\Header\ImGuiGizmo\GraphEditor.cpp">
      <Filter>97. ImGuiGizmo</Filter>
    </ClCompile>
    <ClCompile Include="..\Reference\Header\ImGuiGizmo\ImCurveEdit.cpp">
      <Filter>97. ImGuiGizmo</Filter>
    </ClCompile>
    <ClCompile Include="..\Reference\Header\ImGuiGizmo\ImGradient.cpp">
      <Filter>97. ImGuiGizmo</Filter>
    </ClCompile>
    <ClCompile Include="..\Reference\Header\ImGuiGizmo\ImGuizmo.cpp">
      <Filter>97. ImGuiGizmo</Filter>
    </ClCompile>
    <ClCompile Include="..\Reference\Header\ImGuiGizmo\ImSequencer.cpp">
      <Filter>97. ImGuiGizmo</Filter>
    </ClCompile>
    <ClCompile Include="..\Client\Private\GameObject\Character.cpp">
      <Filter>98 Client</Filter>
    </ClCompile>
    <ClCompile Include="..\Client\Private\GameObject\Character_Common.cpp">
      <Filter>98 Client</Filter>
    </ClCompile>
    <ClCompile Include="..\Client\Private\GameObject\LoadingScreen.cpp">
      <Filter>98 Client</Filter>
    </ClCompile>
    <ClCompile Include="..\Client\Private\GameObject\SkyBox.cpp">
      <Filter>98 Client</Filter>
    </ClCompile>
    <ClCompile Include="..\Client\Private\GameObject\UI_Player.cpp">
      <Filter>98 Client</Filter>
    </ClCompile>
    <ClCompile Include="..\Client\Private\GameObject\Effect_Common.cpp">
      <Filter>98 Client</Filter>
    </ClCompile>
    <ClCompile Include="..\Client\Private\GameObject\Item_Deflector.cpp">
      <Filter>98 Client</Filter>
    </ClCompile>
    <ClCompile Include="..\Client\Private\GameObject\ReaverBot_Balfura.cpp">
      <Filter>98 Client</Filter>
    </ClCompile>
    <ClCompile Include="..\Client\Private\GameObject\GameObjectFactory.cpp">
      <Filter>98 Client</Filter>
    </ClCompile>
    <ClCompile Include="..\Client\Private\CloudStation\CloudStation_Player.cpp">
      <Filter>98 Client</Filter>
    </ClCompile>
    <ClCompile Include="..\Client\Private\GameObject\ReaverBot_Fingerii.cpp">
      <Filter>98 Client</Filter>
    </ClCompile>
    <ClCompile Include="..\Client\Private\GameObject\UI_Lockon.cpp">
      <Filter>98 Client</Filter>
    </ClCompile>
    <ClCompile Include="Private\ImGuiWin\ImGuiWin_PrototypeBrowser.cpp">
      <Filter>01. ImGuiWin\03. ObjectTool\02. PrototypeBrowser</Filter>
    </ClCompile>
    <ClCompile Include="Private\ImGuiWin\ImGuiWin_ClassBrowser.cpp">
      <Filter>01. ImGuiWin\03. ObjectTool\01. ClassBrowser</Filter>
    </ClCompile>
    <ClCompile Include="..\Client\Private\GameObject\StaticObject.cpp">
      <Filter>98 Client</Filter>
    </ClCompile>
    <ClCompile Include="..\Reference\Header\ImGuiFileSystem\ImGuiFileDialog.cpp">
      <Filter>97. ImGuiGizmo\FIle</Filter>
    </ClCompile>
    <ClCompile Include="Private\ImGuiWin\ImGuiWin_PrototypeProperty.cpp">
      <Filter>소스 파일</Filter>
    </ClCompile>
    <ClCompile Include="..\Client\Private\GameObject\ComponentFactory.cpp">
      <Filter>98 Client</Filter>
    </ClCompile>
    <ClCompile Include="..\Client\Private\GameObject\ReaverBot_HanmuruDoll.cpp">
      <Filter>98 Client</Filter>
    </ClCompile>
    <ClCompile Include="..\Client\Private\GameObject\DamageCollision.cpp">
      <Filter>98 Client</Filter>
    </ClCompile>
    <ClCompile Include="..\Client\Private\GameObject\Fingerii_EnergyBall.cpp">
      <Filter>98 Client</Filter>
    </ClCompile>
    <ClCompile Include="..\Client\Private\GameObject\Door_Common.cpp">
      <Filter>98 Client</Filter>
    </ClCompile>
    <ClCompile Include="..\Client\Private\GameObject\Effect_Explosion.cpp">
      <Filter>98 Client</Filter>
    </ClCompile>
    <ClCompile Include="..\Client\Private\GameObject\UI_Dialog.cpp">
      <Filter>98 Client</Filter>
    </ClCompile>
    <ClCompile Include="..\Client\Private\GameObject\Weapon_Blade.cpp">
      <Filter>98 Client</Filter>
    </ClCompile>
    <ClCompile Include="..\Client\Private\GameObject\Weapon_HomingMissile.cpp">
      <Filter>98 Client</Filter>
    </ClCompile>
    <ClCompile Include="..\Client\Private\GameObject\Weapon_HyperShell.cpp">
      <Filter>98 Client</Filter>
    </ClCompile>
    <ClCompile Include="..\Client\Private\GameObject\Weapon_Laser.cpp">
      <Filter>98 Client</Filter>
    </ClCompile>
    <ClCompile Include="..\Client\Private\GameObject\Weapon_LaserEmission.cpp">
      <Filter>98 Client</Filter>
    </ClCompile>
    <ClCompile Include="..\Client\Private\GameObject\Weapon_Machinegun.cpp">
      <Filter>98 Client</Filter>
    </ClCompile>
    <ClCompile Include="..\Client\Private\GameObject\Weapon_SpreadBuster.cpp">
      <Filter>98 Client</Filter>
    </ClCompile>
    <ClCompile Include="..\Client\Private\GameObject\Trigger.cpp">
      <Filter>98 Client</Filter>
    </ClCompile>
  </ItemGroup>
  <ItemGroup>
    <ResourceCompile Include="Include\Tool.rc">
      <Filter>리소스 파일</Filter>
    </ResourceCompile>
  </ItemGroup>
  <ItemGroup>
    <Image Include="Include\small.ico">
      <Filter>리소스 파일</Filter>
    </Image>
    <Image Include="Include\Tool.ico">
      <Filter>리소스 파일</Filter>
    </Image>
  </ItemGroup>
</Project>